// !$*UTF8*$!
{
	archiveVersion = 1;
	objectVersion = 56;
	objects = {
/* Begin XCBuildConfiguration section */
		B1000001 /* Debug */ = {
			isa = XCBuildConfiguration;
			buildSettings = {
				CODE_SIGN_STYLE = Automatic;
				PRODUCT_BUNDLE_IDENTIFIER = com.example.ScannedApp;
			};
			name = Debug;
		};
/* End XCBuildConfiguration section */
	};
	rootObject = B0000000 /* Project object */;
}
